// !$*UTF8*$!
{
	archiveVersion = 1;
	classes = {
	};
	objectVersion = 50;
	objects = {

/* Begin PBXBuildFile section */
		8174DF82260A1D1200500E7A /* main.swift in Sources */ = {isa = PBXBuildFile; fileRef = 8174DF81260A1D1200500E7A /* main.swift */; };
		8174DF89260A1D7800500E7A /* SharedFunctions.swift in Sources */ = {isa = PBXBuildFile; fileRef = 8174DF88260A1D7800500E7A /* SharedFunctions.swift */; };
		8174DF8C260A1DD900500E7A /* SharedFunctions.swift in Sources */ = {isa = PBXBuildFile; fileRef = 8174DF88260A1D7800500E7A /* SharedFunctions.swift */; };
		81C7416426051FE70040C32F /* main.swift in Sources */ = {isa = PBXBuildFile; fileRef = 81C7416326051FE70040C32F /* main.swift */; };
/* End PBXBuildFile section */

/* Begin PBXCopyFilesBuildPhase section */
		8174DF7D260A1D1200500E7A /* CopyFiles */ = {
			isa = PBXCopyFilesBuildPhase;
			buildActionMask = 2147483647;
			dstPath = /usr/share/man/man1/;
			dstSubfolderSpec = 0;
			files = (
			);
			runOnlyForDeploymentPostprocessing = 1;
		};
		81C7415E26051FE70040C32F /* CopyFiles */ = {
			isa = PBXCopyFilesBuildPhase;
			buildActionMask = 2147483647;
			dstPath = /usr/share/man/man1/;
			dstSubfolderSpec = 0;
			files = (
			);
			runOnlyForDeploymentPostprocessing = 1;
		};
/* End PBXCopyFilesBuildPhase section */

/* Begin PBXFileReference section */
		8174DF7F260A1D1200500E7A /* BinarySearchAlgorithm */ = {isa = PBXFileReference; explicitFileType = "compiled.mach-o.executable"; includeInIndex = 0; path = BinarySearchAlgorithm; sourceTree = BUILT_PRODUCTS_DIR; };
		8174DF81260A1D1200500E7A /* main.swift */ = {isa = PBXFileReference; lastKnownFileType = sourcecode.swift; path = main.swift; sourceTree = "<group>"; };
		8174DF88260A1D7800500E7A /* SharedFunctions.swift */ = {isa = PBXFileReference; lastKnownFileType = sourcecode.swift; path = SharedFunctions.swift; sourceTree = "<group>"; };
		81C7416026051FE70040C32F /* BubbleSortAlgorithm */ = {isa = PBXFileReference; explicitFileType = "compiled.mach-o.executable"; includeInIndex = 0; path = BubbleSortAlgorithm; sourceTree = BUILT_PRODUCTS_DIR; };
		81C7416326051FE70040C32F /* main.swift */ = {isa = PBXFileReference; lastKnownFileType = sourcecode.swift; path = main.swift; sourceTree = "<group>"; };
/* End PBXFileReference section */

/* Begin PBXFrameworksBuildPhase section */
		8174DF7C260A1D1200500E7A /* Frameworks */ = {
			isa = PBXFrameworksBuildPhase;
			buildActionMask = 2147483647;
			files = (
			);
			runOnlyForDeploymentPostprocessing = 0;
		};
		81C7415D26051FE70040C32F /* Frameworks */ = {
			isa = PBXFrameworksBuildPhase;
			buildActionMask = 2147483647;
			files = (
			);
			runOnlyForDeploymentPostprocessing = 0;
		};
/* End PBXFrameworksBuildPhase section */

/* Begin PBXGroup section */
		8174DF80260A1D1200500E7A /* BinarySearchAlgorithm */ = {
			isa = PBXGroup;
			children = (
				8174DF81260A1D1200500E7A /* main.swift */,
			);
			path = BinarySearchAlgorithm;
			sourceTree = "<group>";
		};
		81C7415726051FE70040C32F = {
			isa = PBXGroup;
			children = (
				8174DF88260A1D7800500E7A /* SharedFunctions.swift */,
				81C7416226051FE70040C32F /* BubbleSortAlgorithm */,
				8174DF80260A1D1200500E7A /* BinarySearchAlgorithm */,
				81C7416126051FE70040C32F /* Products */,
			);
			sourceTree = "<group>";
		};
		81C7416126051FE70040C32F /* Products */ = {
			isa = PBXGroup;
			children = (
				81C7416026051FE70040C32F /* BubbleSortAlgorithm */,
				8174DF7F260A1D1200500E7A /* BinarySearchAlgorithm */,
			);
			name = Products;
			sourceTree = "<group>";
		};
		81C7416226051FE70040C32F /* BubbleSortAlgorithm */ = {
			isa = PBXGroup;
			children = (
				81C7416326051FE70040C32F /* main.swift */,
			);
			path = BubbleSortAlgorithm;
			sourceTree = "<group>";
		};
/* End PBXGroup section */

/* Begin PBXNativeTarget section */
		8174DF7E260A1D1200500E7A /* BinarySearchAlgorithm */ = {
			isa = PBXNativeTarget;
			buildConfigurationList = 8174DF85260A1D1200500E7A /* Build configuration list for PBXNativeTarget "BinarySearchAlgorithm" */;
			buildPhases = (
				8174DF7B260A1D1200500E7A /* Sources */,
				8174DF7C260A1D1200500E7A /* Frameworks */,
				8174DF7D260A1D1200500E7A /* CopyFiles */,
			);
			buildRules = (
			);
			dependencies = (
			);
			name = BinarySearchAlgorithm;
			productName = BinarySearchAlgorithm;
			productReference = 8174DF7F260A1D1200500E7A /* BinarySearchAlgorithm */;
			productType = "com.apple.product-type.tool";
		};
		81C7415F26051FE70040C32F /* BubbleSortAlgorithm */ = {
			isa = PBXNativeTarget;
			buildConfigurationList = 81C7416726051FE70040C32F /* Build configuration list for PBXNativeTarget "BubbleSortAlgorithm" */;
			buildPhases = (
				81C7415C26051FE70040C32F /* Sources */,
				81C7415D26051FE70040C32F /* Frameworks */,
				81C7415E26051FE70040C32F /* CopyFiles */,
			);
			buildRules = (
			);
			dependencies = (
			);
			name = BubbleSortAlgorithm;
			productName = BubbleSortAlgorithm;
			productReference = 81C7416026051FE70040C32F /* BubbleSortAlgorithm */;
			productType = "com.apple.product-type.tool";
		};
/* End PBXNativeTarget section */

/* Begin PBXProject section */
		81C7415826051FE70040C32F /* Project object */ = {
			isa = PBXProject;
			attributes = {
				LastSwiftUpdateCheck = 1240;
				LastUpgradeCheck = 1240;
				TargetAttributes = {
					8174DF7E260A1D1200500E7A = {
						CreatedOnToolsVersion = 12.4;
					};
					81C7415F26051FE70040C32F = {
						CreatedOnToolsVersion = 12.4;
					};
				};
			};
			buildConfigurationList = 81C7415B26051FE70040C32F /* Build configuration list for PBXProject "BubbleSortAlgorithm" */;
			compatibilityVersion = "Xcode 9.3";
			developmentRegion = en;
			hasScannedForEncodings = 0;
			knownRegions = (
				en,
				Base,
			);
			mainGroup = 81C7415726051FE70040C32F;
			productRefGroup = 81C7416126051FE70040C32F /* Products */;
			projectDirPath = "";
			projectRoot = "";
			targets = (
				81C7415F26051FE70040C32F /* BubbleSortAlgorithm */,
				8174DF7E260A1D1200500E7A /* BinarySearchAlgorithm */,
			);
		};
/* End PBXProject section */

/* Begin PBXSourcesBuildPhase section */
		8174DF7B260A1D1200500E7A /* Sources */ = {
			isa = PBXSourcesBuildPhase;
			buildActionMask = 2147483647;
			files = (
				8174DF8C260A1DD900500E7A /* SharedFunctions.swift in Sources */,
				8174DF82260A1D1200500E7A /* main.swift in Sources */,
			);
			runOnlyForDeploymentPostprocessing = 0;
		};
		81C7415C26051FE70040C32F /* Sources */ = {
			isa = PBXSourcesBuildPhase;
			buildActionMask = 2147483647;
			files = (
				8174DF89260A1D7800500E7A /* SharedFunctions.swift in Sources */,
				81C7416426051FE70040C32F /* main.swift in Sources */,
			);
			runOnlyForDeploymentPostprocessing = 0;
		};
/* End PBXSourcesBuildPhase section */

/* Begin XCBuildConfiguration section */
		8174DF83260A1D1200500E7A /* Debug */ = {
			isa = XCBuildConfiguration;
			buildSettings = {
				CODE_SIGN_STYLE = Automatic;
				DEVELOPMENT_TEAM = U2ZN2W2UQJ;
				ENABLE_HARDENED_RUNTIME = YES;
				PRODUCT_NAME = "$(TARGET_NAME)";
				SWIFT_VERSION = 5.0;
			};
			name = Debug;
		};
		8174DF84260A1D1200500E7A /* Release */ = {
			isa = XCBuildConfiguration;
			buildSettings = {
				CODE_SIGN_STYLE = Automatic;
				DEVELOPMENT_TEAM = U2ZN2W2UQJ;
				ENABLE_HARDENED_RUNTIME = YES;
				PRODUCT_NAME = "$(TARGET_NAME)";
				SWIFT_VERSION = 5.0;
			};
			name = Release;
		};
		81C7416526051FE70040C32F /* Debug */ = {
			isa = XCBuildConfiguration;
			buildSettings = {
				ALWAYS_SEARCH_USER_PATHS = NO;
				CLANG_ANALYZER_NONNULL = YES;
				CLANG_ANALYZER_NUMBER_OBJECT_CONVERSION = YES_AGGRESSIVE;
				CLANG_CXX_LANGUAGE_STANDARD = "gnu++14";
				CLANG_CXX_LIBRARY = "libc++";
				CLANG_ENABLE_MODULES = YES;
				CLANG_ENABLE_OBJC_ARC = YES;
				CLANG_ENABLE_OBJC_WEAK = YES;
				CLANG_WARN_BLOCK_CAPTURE_AUTORELEASING = YES;
				CLANG_WARN_BOOL_CONVERSION = YES;
				CLANG_WARN_COMMA = YES;
				CLANG_WARN_CONSTANT_CONVERSION = YES;
				CLANG_WARN_DEPRECATED_OBJC_IMPLEMENTATIONS = YES;
				CLANG_WARN_DIRECT_OBJC_ISA_USAGE = YES_ERROR;
				CLANG_WARN_DOCUMENTATION_COMMENTS = YES;
				CLANG_WARN_EMPTY_BODY = YES;
				CLANG_WARN_ENUM_CONVERSION = YES;
				CLANG_WARN_INFINITE_RECURSION = YES;
				CLANG_WARN_INT_CONVERSION = YES;
				CLANG_WARN_NON_LITERAL_NULL_CONVERSION = YES;
				CLANG_WARN_OBJC_IMPLICIT_RETAIN_SELF = YES;
				CLANG_WARN_OBJC_LITERAL_CONVERSION = YES;
				CLANG_WARN_OBJC_ROOT_CLASS = YES_ERROR;
				CLANG_WARN_QUOTED_INCLUDE_IN_FRAMEWORK_HEADER = YES;
				CLANG_WARN_RANGE_LOOP_ANALYSIS = YES;
				CLANG_WARN_STRICT_PROTOTYPES = YES;
				CLANG_WARN_SUSPICIOUS_MOVE = YES;
				CLANG_WARN_UNGUARDED_AVAILABILITY = YES_AGGRESSIVE;
				CLANG_WARN_UNREACHABLE_CODE = YES;
				CLANG_WARN__DUPLICATE_METHOD_MATCH = YES;
				COPY_PHASE_STRIP = NO;
				DEBUG_INFORMATION_FORMAT = dwarf;
				ENABLE_STRICT_OBJC_MSGSEND = YES;
				ENABLE_TESTABILITY = YES;
				GCC_C_LANGUAGE_STANDARD = gnu11;
				GCC_DYNAMIC_NO_PIC = NO;
				GCC_NO_COMMON_BLOCKS = YES;
				GCC_OPTIMIZATION_LEVEL = 0;
				GCC_PREPROCESSOR_DEFINITIONS = (
					"DEBUG=1",
					"$(inherited)",
				);
				GCC_WARN_64_TO_32_BIT_CONVERSION = YES;
				GCC_WARN_ABOUT_RETURN_TYPE = YES_ERROR;
				GCC_WARN_UNDECLARED_SELECTOR = YES;
				GCC_WARN_UNINITIALIZED_AUTOS = YES_AGGRESSIVE;
				GCC_WARN_UNUSED_FUNCTION = YES;
				GCC_WARN_UNUSED_VARIABLE = YES;
				MACOSX_DEPLOYMENT_TARGET = 11.1;
				MTL_ENABLE_DEBUG_INFO = INCLUDE_SOURCE;
				MTL_FAST_MATH = YES;
				ONLY_ACTIVE_ARCH = YES;
				SDKROOT = macosx;
				SWIFT_ACTIVE_COMPILATION_CONDITIONS = DEBUG;
				SWIFT_OPTIMIZATION_LEVEL = "-Onone";
			};
			name = Debug;
		};
		81C7416626051FE70040C32F /* Release */ = {
			isa = XCBuildConfiguration;
			buildSettings = {
				ALWAYS_SEARCH_USER_PATHS = NO;
				CLANG_ANALYZER_NONNULL = YES;
				CLANG_ANALYZER_NUMBER_OBJECT_CONVERSION = YES_AGGRESSIVE;
				CLANG_CXX_LANGUAGE_STANDARD = "gnu++14";
				CLANG_CXX_LIBRARY = "libc++";
				CLANG_ENABLE_MODULES = YES;
				CLANG_ENABLE_OBJC_ARC = YES;
				CLANG_ENABLE_OBJC_WEAK = YES;
				CLANG_WARN_BLOCK_CAPTURE_AUTORELEASING = YES;
				CLANG_WARN_BOOL_CONVERSION = YES;
				CLANG_WARN_COMMA = YES;
				CLANG_WARN_CONSTANT_CONVERSION = YES;
				CLANG_WARN_DEPRECATED_OBJC_IMPLEMENTATIONS = YES;
				CLANG_WARN_DIRECT_OBJC_ISA_USAGE = YES_ERROR;
				CLANG_WARN_DOCUMENTATION_COMMENTS = YES;
				CLANG_WARN_EMPTY_BODY = YES;
				CLANG_WARN_ENUM_CONVERSION = YES;
				CLANG_WARN_INFINITE_RECURSION = YES;
				CLANG_WARN_INT_CONVERSION = YES;
				CLANG_WARN_NON_LITERAL_NULL_CONVERSION = YES;
				CLANG_WARN_OBJC_IMPLICIT_RETAIN_SELF = YES;
				CLANG_WARN_OBJC_LITERAL_CONVERSION = YES;
				CLANG_WARN_OBJC_ROOT_CLASS = YES_ERROR;
				CLANG_WARN_QUOTED_INCLUDE_IN_FRAMEWORK_HEADER = YES;
				CLANG_WARN_RANGE_LOOP_ANALYSIS = YES;
				CLANG_WARN_STRICT_PROTOTYPES = YES;
				CLANG_WARN_SUSPICIOUS_MOVE = YES;
				CLANG_WARN_UNGUARDED_AVAILABILITY = YES_AGGRESSIVE;
				CLANG_WARN_UNREACHABLE_CODE = YES;
				CLANG_WARN__DUPLICATE_METHOD_MATCH = YES;
				COPY_PHASE_STRIP = NO;
				DEBUG_INFORMATION_FORMAT = "dwarf-with-dsym";
				ENABLE_NS_ASSERTIONS = NO;
				ENABLE_STRICT_OBJC_MSGSEND = YES;
				GCC_C_LANGUAGE_STANDARD = gnu11;
				GCC_NO_COMMON_BLOCKS = YES;
				GCC_WARN_64_TO_32_BIT_CONVERSION = YES;
				GCC_WARN_ABOUT_RETURN_TYPE = YES_ERROR;
				GCC_WARN_UNDECLARED_SELECTOR = YES;
				GCC_WARN_UNINITIALIZED_AUTOS = YES_AGGRESSIVE;
				GCC_WARN_UNUSED_FUNCTION = YES;
				GCC_WARN_UNUSED_VARIABLE = YES;
				MACOSX_DEPLOYMENT_TARGET = 11.1;
				MTL_ENABLE_DEBUG_INFO = NO;
				MTL_FAST_MATH = YES;
				SDKROOT = macosx;
				SWIFT_COMPILATION_MODE = wholemodule;
				SWIFT_OPTIMIZATION_LEVEL = "-O";
			};
			name = Release;
		};
		81C7416826051FE70040C32F /* Debug */ = {
			isa = XCBuildConfiguration;
			buildSettings = {
				CODE_SIGN_STYLE = Automatic;
				DEVELOPMENT_TEAM = U2ZN2W2UQJ;
				ENABLE_HARDENED_RUNTIME = YES;
				PRODUCT_NAME = "$(TARGET_NAME)";
				SWIFT_VERSION = 5.0;
			};
			name = Debug;
		};
		81C7416926051FE70040C32F /* Release */ = {
			isa = XCBuildConfiguration;
			buildSettings = {
				CODE_SIGN_STYLE = Automatic;
				DEVELOPMENT_TEAM = U2ZN2W2UQJ;
				ENABLE_HARDENED_RUNTIME = YES;
				PRODUCT_NAME = "$(TARGET_NAME)";
				SWIFT_VERSION = 5.0;
			};
			name = Release;
		};
/* End XCBuildConfiguration section */

/* Begin XCConfigurationList section */
		8174DF85260A1D1200500E7A /* Build configuration list for PBXNativeTarget "BinarySearchAlgorithm" */ = {
			isa = XCConfigurationList;
			buildConfigurations = (
				8174DF83260A1D1200500E7A /* Debug */,
				8174DF84260A1D1200500E7A /* Release */,
			);
			defaultConfigurationIsVisible = 0;
			defaultConfigurationName = Release;
		};
		81C7415B26051FE70040C32F /* Build configuration list for PBXProject "BubbleSortAlgorithm" */ = {
			isa = XCConfigurationList;
			buildConfigurations = (
				81C7416526051FE70040C32F /* Debug */,
				81C7416626051FE70040C32F /* Release */,
			);
			defaultConfigurationIsVisible = 0;
			defaultConfigurationName = Release;
		};
		81C7416726051FE70040C32F /* Build configuration list for PBXNativeTarget "BubbleSortAlgorithm" */ = {
			isa = XCConfigurationList;
			buildConfigurations = (
				81C7416826051FE70040C32F /* Debug */,
				81C7416926051FE70040C32F /* Release */,
			);
			defaultConfigurationIsVisible = 0;
			defaultConfigurationName = Release;
		};
/* End XCConfigurationList section */
	};
	rootObject = 81C7415826051FE70040C32F /* Project object */;
}
